
Microsoft Visual Studio Solution File, Format Version 12.00
# Visual Studio Version 16
VisualStudioVersion = 16.0.32228.343
MinimumVisualStudioVersion = 10.0.40219.1
Project("{FAE04EC0-301F-11D3-BF4B-00C04F79EFBC}") = "CustomerEncapApp", "CustomerEncapApp.csproj", "{D138181D-8417-4DF3-B2A3-DA83E2BCA58B}"
EndProject
Global
	GlobalSection(SolutionConfigurationPlatforms) = preSolution
		Debug|Any CPU = Debug|Any CPU
		Release|Any CPU = Release|Any CPU
	EndGlobalSection
	GlobalSection(ProjectConfigurationPlatforms) = postSolution
		{D138181D-8417-4DF3-B2A3-DA83E2BCA58B}.Debug|Any CPU.ActiveCfg = Debug|Any CPU
		{D138181D-8417-4DF3-B2A3-DA83E2BCA58B}.Debug|Any CPU.Build.0 = Debug|Any CPU
		{D138181D-8417-4DF3-B2A3-DA83E2BCA58B}.Release|Any CPU.ActiveCfg = Release|Any CPU
		{D138181D-8417-4DF3-B2A3-DA83E2BCA58B}.Release|Any CPU.Build.0 = Release|Any CPU
	EndGlobalSection
	GlobalSection(SolutionProperties) = preSolution
		HideSolutionNode = FALSE
	EndGlobalSection
	GlobalSection(ExtensibilityGlobals) = postSolution
		SolutionGuid = {BBC86124-E4AE-4050-B9D9-42470ABA41F1}
	EndGlobalSection
EndGlobal
